
Microsoft Visual Studio Solution File, Format Version 12.00
# Visual Studio Version 17
VisualStudioVersion = 17.0.31912.275
MinimumVisualStudioVersion = 10.0.40219.1
Project("{9A19103F-16F7-4668-BE54-9A1E7A4F7556}") = "DemoClassLibrary", "DemoClassLibrary\DemoClassLibrary.csproj", "{1C2ED9C6-EDDA-4C14-9610-7F9CB42BBA2E}"
EndProject
Global
	GlobalSection(SolutionConfigurationPlatforms) = preSolution
		Debug|Any CPU = Debug|Any CPU
		Release|Any CPU = Release|Any CPU
	EndGlobalSection
	GlobalSection(ProjectConfigurationPlatforms) = postSolution
		{1C2ED9C6-EDDA-4C14-9610-7F9CB42BBA2E}.Debug|Any CPU.ActiveCfg = Debug|Any CPU
		{1C2ED9C6-EDDA-4C14-9610-7F9CB42BBA2E}.Debug|Any CPU.Build.0 = Debug|Any CPU
		{1C2ED9C6-EDDA-4C14-9610-7F9CB42BBA2E}.Release|Any CPU.ActiveCfg = Release|Any CPU
		{1C2ED9C6-EDDA-4C14-9610-7F9CB42BBA2E}.Release|Any CPU.Build.0 = Release|Any CPU
	EndGlobalSection
	GlobalSection(SolutionProperties) = preSolution
		HideSolutionNode = FALSE
	EndGlobalSection
	GlobalSection(ExtensibilityGlobals) = postSolution
		SolutionGuid = {5809AF1D-CC08-4D43-A8A4-E7CBC514B78D}
	EndGlobalSection
EndGlobal
